
Microsoft Visual Studio Solution File, Format Version 12.00
# Visual Studio Version 16
VisualStudioVersion = 16.0.29609.76
MinimumVisualStudioVersion = 10.0.40219.1
Project("{FAE04EC0-301F-11D3-BF4B-00C04F79EFBC}") = "angularBuildWebpackServer", "angularBuildWebpackServer\angularBuildWebpackServer.csproj", "{81212956-4CDF-4F57-8A8A-DD528307AB0C}"
EndProject
Global
	GlobalSection(SolutionConfigurationPlatforms) = preSolution
		Debug|Any CPU = Debug|Any CPU
		Release|Any CPU = Release|Any CPU
	EndGlobalSection
	GlobalSection(ProjectConfigurationPlatforms) = postSolution
		{81212956-4CDF-4F57-8A8A-DD528307AB0C}.Debug|Any CPU.ActiveCfg = Debug|Any CPU
		{81212956-4CDF-4F57-8A8A-DD528307AB0C}.Debug|Any CPU.Build.0 = Debug|Any CPU
		{81212956-4CDF-4F57-8A8A-DD528307AB0C}.Release|Any CPU.ActiveCfg = Release|Any CPU
		{81212956-4CDF-4F57-8A8A-DD528307AB0C}.Release|Any CPU.Build.0 = Release|Any CPU
	EndGlobalSection
	GlobalSection(SolutionProperties) = preSolution
		HideSolutionNode = FALSE
	EndGlobalSection
	GlobalSection(ExtensibilityGlobals) = postSolution
		SolutionGuid = {504DA46D-80FF-49EA-AA1C-A82B963D8F30}
	EndGlobalSection
EndGlobal
